// !$*UTF8*$!
{
	archiveVersion = 1;
	classes = {
	};
	objectVersion = 56;
	objects = {

/* Begin PBXBuildFile section */
		ACA32D162B32292700872C51 /* StrokedNeonText.swift in Sources */ = {isa = PBXBuildFile; fileRef = ACA32D152B32292700872C51 /* StrokedNeonText.swift */; };
		ACA32D1A2B32322F00872C51 /* OutlinedText.swift in Sources */ = {isa = PBXBuildFile; fileRef = ACA32D192B32322F00872C51 /* OutlinedText.swift */; };
		ACA32D1C2B32345400872C51 /* View+Border.swift in Sources */ = {isa = PBXBuildFile; fileRef = ACA32D1B2B32345400872C51 /* View+Border.swift */; };
		ACB8B2902B32256C00F41761 /* JackpotCasinoApp.swift in Sources */ = {isa = PBXBuildFile; fileRef = ACB8B28F2B32256C00F41761 /* JackpotCasinoApp.swift */; };
		ACB8B2922B32256C00F41761 /* ContentView.swift in Sources */ = {isa = PBXBuildFile; fileRef = ACB8B2912B32256C00F41761 /* ContentView.swift */; };
		ACB8B2942B32256D00F41761 /* Assets.xcassets in Resources */ = {isa = PBXBuildFile; fileRef = ACB8B2932B32256D00F41761 /* Assets.xcassets */; };
		ACB8B2972B32256D00F41761 /* Preview Assets.xcassets in Resources */ = {isa = PBXBuildFile; fileRef = ACB8B2962B32256D00F41761 /* Preview Assets.xcassets */; };
		ACB8B2B12B3225C700F41761 /* RobotoCondensed-Thin.ttf in Resources */ = {isa = PBXBuildFile; fileRef = ACB8B29F2B3225C700F41761 /* RobotoCondensed-Thin.ttf */; };
		ACB8B2B22B3225C700F41761 /* RobotoCondensed-Bold.ttf in Resources */ = {isa = PBXBuildFile; fileRef = ACB8B2A02B3225C700F41761 /* RobotoCondensed-Bold.ttf */; };
		ACB8B2B32B3225C700F41761 /* RobotoCondensed-SemiBoldItalic.ttf in Resources */ = {isa = PBXBuildFile; fileRef = ACB8B2A12B3225C700F41761 /* RobotoCondensed-SemiBoldItalic.ttf */; };
		ACB8B2B42B3225C700F41761 /* RobotoCondensed-Light.ttf in Resources */ = {isa = PBXBuildFile; fileRef = ACB8B2A22B3225C700F41761 /* RobotoCondensed-Light.ttf */; };
		ACB8B2B52B3225C700F41761 /* RobotoCondensed-ExtraBoldItalic.ttf in Resources */ = {isa = PBXBuildFile; fileRef = ACB8B2A32B3225C700F41761 /* RobotoCondensed-ExtraBoldItalic.ttf */; };
		ACB8B2B62B3225C700F41761 /* RobotoCondensed-ThinItalic.ttf in Resources */ = {isa = PBXBuildFile; fileRef = ACB8B2A42B3225C700F41761 /* RobotoCondensed-ThinItalic.ttf */; };
		ACB8B2B72B3225C700F41761 /* RobotoCondensed-ExtraLight.ttf in Resources */ = {isa = PBXBuildFile; fileRef = ACB8B2A52B3225C700F41761 /* RobotoCondensed-ExtraLight.ttf */; };
		ACB8B2B82B3225C700F41761 /* RobotoCondensed-Italic.ttf in Resources */ = {isa = PBXBuildFile; fileRef = ACB8B2A62B3225C700F41761 /* RobotoCondensed-Italic.ttf */; };
		ACB8B2B92B3225C700F41761 /* RobotoCondensed-BoldItalic.ttf in Resources */ = {isa = PBXBuildFile; fileRef = ACB8B2A72B3225C700F41761 /* RobotoCondensed-BoldItalic.ttf */; };
		ACB8B2BA2B3225C700F41761 /* RobotoCondensed-SemiBold.ttf in Resources */ = {isa = PBXBuildFile; fileRef = ACB8B2A82B3225C700F41761 /* RobotoCondensed-SemiBold.ttf */; };
		ACB8B2BB2B3225C700F41761 /* RobotoCondensed-Medium.ttf in Resources */ = {isa = PBXBuildFile; fileRef = ACB8B2A92B3225C700F41761 /* RobotoCondensed-Medium.ttf */; };
		ACB8B2BC2B3225C700F41761 /* RobotoCondensed-LightItalic.ttf in Resources */ = {isa = PBXBuildFile; fileRef = ACB8B2AA2B3225C700F41761 /* RobotoCondensed-LightItalic.ttf */; };
		ACB8B2BD2B3225C700F41761 /* RobotoCondensed-Regular.ttf in Resources */ = {isa = PBXBuildFile; fileRef = ACB8B2AB2B3225C700F41761 /* RobotoCondensed-Regular.ttf */; };
		ACB8B2BE2B3225C700F41761 /* RobotoCondensed-MediumItalic.ttf in Resources */ = {isa = PBXBuildFile; fileRef = ACB8B2AC2B3225C700F41761 /* RobotoCondensed-MediumItalic.ttf */; };
		ACB8B2BF2B3225C700F41761 /* RobotoCondensed-ExtraLightItalic.ttf in Resources */ = {isa = PBXBuildFile; fileRef = ACB8B2AD2B3225C700F41761 /* RobotoCondensed-ExtraLightItalic.ttf */; };
		ACB8B2C02B3225C700F41761 /* RobotoCondensed-ExtraBold.ttf in Resources */ = {isa = PBXBuildFile; fileRef = ACB8B2AE2B3225C700F41761 /* RobotoCondensed-ExtraBold.ttf */; };
		ACB8B2C12B3225C700F41761 /* RobotoCondensed-Black.ttf in Resources */ = {isa = PBXBuildFile; fileRef = ACB8B2AF2B3225C700F41761 /* RobotoCondensed-Black.ttf */; };
		ACB8B2C22B3225C700F41761 /* RobotoCondensed-BlackItalic.ttf in Resources */ = {isa = PBXBuildFile; fileRef = ACB8B2B02B3225C700F41761 /* RobotoCondensed-BlackItalic.ttf */; };
		ACB8B2C62B32262700F41761 /* View+InnerShadow.swift in Sources */ = {isa = PBXBuildFile; fileRef = ACB8B2C52B32262700F41761 /* View+InnerShadow.swift */; };
		ACB8B2C92B32269C00F41761 /* BrightButton.swift in Sources */ = {isa = PBXBuildFile; fileRef = ACB8B2C82B32269C00F41761 /* BrightButton.swift */; };
/* End PBXBuildFile section */

/* Begin PBXFileReference section */
		ACA32D152B32292700872C51 /* StrokedNeonText.swift */ = {isa = PBXFileReference; lastKnownFileType = sourcecode.swift; path = StrokedNeonText.swift; sourceTree = "<group>"; };
		ACA32D192B32322F00872C51 /* OutlinedText.swift */ = {isa = PBXFileReference; lastKnownFileType = sourcecode.swift; path = OutlinedText.swift; sourceTree = "<group>"; };
		ACA32D1B2B32345400872C51 /* View+Border.swift */ = {isa = PBXFileReference; lastKnownFileType = sourcecode.swift; path = "View+Border.swift"; sourceTree = "<group>"; };
		ACB8B28C2B32256C00F41761 /* JackpotCasino.app */ = {isa = PBXFileReference; explicitFileType = wrapper.application; includeInIndex = 0; path = JackpotCasino.app; sourceTree = BUILT_PRODUCTS_DIR; };
		ACB8B28F2B32256C00F41761 /* JackpotCasinoApp.swift */ = {isa = PBXFileReference; lastKnownFileType = sourcecode.swift; path = JackpotCasinoApp.swift; sourceTree = "<group>"; };
		ACB8B2912B32256C00F41761 /* ContentView.swift */ = {isa = PBXFileReference; lastKnownFileType = sourcecode.swift; path = ContentView.swift; sourceTree = "<group>"; };
		ACB8B2932B32256D00F41761 /* Assets.xcassets */ = {isa = PBXFileReference; lastKnownFileType = folder.assetcatalog; path = Assets.xcassets; sourceTree = "<group>"; };
		ACB8B2962B32256D00F41761 /* Preview Assets.xcassets */ = {isa = PBXFileReference; lastKnownFileType = folder.assetcatalog; path = "Preview Assets.xcassets"; sourceTree = "<group>"; };
		ACB8B29F2B3225C700F41761 /* RobotoCondensed-Thin.ttf */ = {isa = PBXFileReference; lastKnownFileType = file; path = "RobotoCondensed-Thin.ttf"; sourceTree = "<group>"; };
		ACB8B2A02B3225C700F41761 /* RobotoCondensed-Bold.ttf */ = {isa = PBXFileReference; lastKnownFileType = file; path = "RobotoCondensed-Bold.ttf"; sourceTree = "<group>"; };
		ACB8B2A12B3225C700F41761 /* RobotoCondensed-SemiBoldItalic.ttf */ = {isa = PBXFileReference; lastKnownFileType = file; path = "RobotoCondensed-SemiBoldItalic.ttf"; sourceTree = "<group>"; };
		ACB8B2A22B3225C700F41761 /* RobotoCondensed-Light.ttf */ = {isa = PBXFileReference; lastKnownFileType = file; path = "RobotoCondensed-Light.ttf"; sourceTree = "<group>"; };
		ACB8B2A32B3225C700F41761 /* RobotoCondensed-ExtraBoldItalic.ttf */ = {isa = PBXFileReference; lastKnownFileType = file; path = "RobotoCondensed-ExtraBoldItalic.ttf"; sourceTree = "<group>"; };
		ACB8B2A42B3225C700F41761 /* RobotoCondensed-ThinItalic.ttf */ = {isa = PBXFileReference; lastKnownFileType = file; path = "RobotoCondensed-ThinItalic.ttf"; sourceTree = "<group>"; };
		ACB8B2A52B3225C700F41761 /* RobotoCondensed-ExtraLight.ttf */ = {isa = PBXFileReference; lastKnownFileType = file; path = "RobotoCondensed-ExtraLight.ttf"; sourceTree = "<group>"; };
		ACB8B2A62B3225C700F41761 /* RobotoCondensed-Italic.ttf */ = {isa = PBXFileReference; lastKnownFileType = file; path = "RobotoCondensed-Italic.ttf"; sourceTree = "<group>"; };
		ACB8B2A72B3225C700F41761 /* RobotoCondensed-BoldItalic.ttf */ = {isa = PBXFileReference; lastKnownFileType = file; path = "RobotoCondensed-BoldItalic.ttf"; sourceTree = "<group>"; };
		ACB8B2A82B3225C700F41761 /* RobotoCondensed-SemiBold.ttf */ = {isa = PBXFileReference; lastKnownFileType = file; path = "RobotoCondensed-SemiBold.ttf"; sourceTree = "<group>"; };
		ACB8B2A92B3225C700F41761 /* RobotoCondensed-Medium.ttf */ = {isa = PBXFileReference; lastKnownFileType = file; path = "RobotoCondensed-Medium.ttf"; sourceTree = "<group>"; };
		ACB8B2AA2B3225C700F41761 /* RobotoCondensed-LightItalic.ttf */ = {isa = PBXFileReference; lastKnownFileType = file; path = "RobotoCondensed-LightItalic.ttf"; sourceTree = "<group>"; };
		ACB8B2AB2B3225C700F41761 /* RobotoCondensed-Regular.ttf */ = {isa = PBXFileReference; lastKnownFileType = file; path = "RobotoCondensed-Regular.ttf"; sourceTree = "<group>"; };
		ACB8B2AC2B3225C700F41761 /* RobotoCondensed-MediumItalic.ttf */ = {isa = PBXFileReference; lastKnownFileType = file; path = "RobotoCondensed-MediumItalic.ttf"; sourceTree = "<group>"; };
		ACB8B2AD2B3225C700F41761 /* RobotoCondensed-ExtraLightItalic.ttf */ = {isa = PBXFileReference; lastKnownFileType = file; path = "RobotoCondensed-ExtraLightItalic.ttf"; sourceTree = "<group>"; };
		ACB8B2AE2B3225C700F41761 /* RobotoCondensed-ExtraBold.ttf */ = {isa = PBXFileReference; lastKnownFileType = file; path = "RobotoCondensed-ExtraBold.ttf"; sourceTree = "<group>"; };
		ACB8B2AF2B3225C700F41761 /* RobotoCondensed-Black.ttf */ = {isa = PBXFileReference; lastKnownFileType = file; path = "RobotoCondensed-Black.ttf"; sourceTree = "<group>"; };
		ACB8B2B02B3225C700F41761 /* RobotoCondensed-BlackItalic.ttf */ = {isa = PBXFileReference; lastKnownFileType = file; path = "RobotoCondensed-BlackItalic.ttf"; sourceTree = "<group>"; };
		ACB8B2C32B3225F900F41761 /* Info.plist */ = {isa = PBXFileReference; lastKnownFileType = text.plist; path = Info.plist; sourceTree = "<group>"; };
		ACB8B2C52B32262700F41761 /* View+InnerShadow.swift */ = {isa = PBXFileReference; fileEncoding = 4; lastKnownFileType = sourcecode.swift; path = "View+InnerShadow.swift"; sourceTree = "<group>"; };
		ACB8B2C82B32269C00F41761 /* BrightButton.swift */ = {isa = PBXFileReference; lastKnownFileType = sourcecode.swift; path = BrightButton.swift; sourceTree = "<group>"; };
/* End PBXFileReference section */

/* Begin PBXFrameworksBuildPhase section */
		ACB8B2892B32256C00F41761 /* Frameworks */ = {
			isa = PBXFrameworksBuildPhase;
			buildActionMask = 2147483647;
			files = (
			);
			runOnlyForDeploymentPostprocessing = 0;
		};
/* End PBXFrameworksBuildPhase section */

/* Begin PBXGroup section */
		ACB8B2832B32256B00F41761 = {
			isa = PBXGroup;
			children = (
				ACB8B28E2B32256C00F41761 /* JackpotCasino */,
				ACB8B28D2B32256C00F41761 /* Products */,
			);
			sourceTree = "<group>";
		};
		ACB8B28D2B32256C00F41761 /* Products */ = {
			isa = PBXGroup;
			children = (
				ACB8B28C2B32256C00F41761 /* JackpotCasino.app */,
			);
			name = Products;
			sourceTree = "<group>";
		};
		ACB8B28E2B32256C00F41761 /* JackpotCasino */ = {
			isa = PBXGroup;
			children = (
				ACB8B2C32B3225F900F41761 /* Info.plist */,
				ACB8B28F2B32256C00F41761 /* JackpotCasinoApp.swift */,
				ACB8B2912B32256C00F41761 /* ContentView.swift */,
				ACB8B2C72B32268600F41761 /* Components */,
				ACB8B2C42B32261600F41761 /* Extensions */,
				ACB8B2932B32256D00F41761 /* Assets.xcassets */,
				ACB8B29D2B3225C700F41761 /* Resources */,
				ACB8B2952B32256D00F41761 /* Preview Content */,
			);
			path = JackpotCasino;
			sourceTree = "<group>";
		};
		ACB8B2952B32256D00F41761 /* Preview Content */ = {
			isa = PBXGroup;
			children = (
				ACB8B2962B32256D00F41761 /* Preview Assets.xcassets */,
			);
			path = "Preview Content";
			sourceTree = "<group>";
		};
		ACB8B29D2B3225C700F41761 /* Resources */ = {
			isa = PBXGroup;
			children = (
				ACB8B29E2B3225C700F41761 /* Fonts */,
			);
			path = Resources;
			sourceTree = "<group>";
		};
		ACB8B29E2B3225C700F41761 /* Fonts */ = {
			isa = PBXGroup;
			children = (
				ACB8B29F2B3225C700F41761 /* RobotoCondensed-Thin.ttf */,
				ACB8B2A02B3225C700F41761 /* RobotoCondensed-Bold.ttf */,
				ACB8B2A12B3225C700F41761 /* RobotoCondensed-SemiBoldItalic.ttf */,
				ACB8B2A22B3225C700F41761 /* RobotoCondensed-Light.ttf */,
				ACB8B2A32B3225C700F41761 /* RobotoCondensed-ExtraBoldItalic.ttf */,
				ACB8B2A42B3225C700F41761 /* RobotoCondensed-ThinItalic.ttf */,
				ACB8B2A52B3225C700F41761 /* RobotoCondensed-ExtraLight.ttf */,
				ACB8B2A62B3225C700F41761 /* RobotoCondensed-Italic.ttf */,
				ACB8B2A72B3225C700F41761 /* RobotoCondensed-BoldItalic.ttf */,
				ACB8B2A82B3225C700F41761 /* RobotoCondensed-SemiBold.ttf */,
				ACB8B2A92B3225C700F41761 /* RobotoCondensed-Medium.ttf */,
				ACB8B2AA2B3225C700F41761 /* RobotoCondensed-LightItalic.ttf */,
				ACB8B2AB2B3225C700F41761 /* RobotoCondensed-Regular.ttf */,
				ACB8B2AC2B3225C700F41761 /* RobotoCondensed-MediumItalic.ttf */,
				ACB8B2AD2B3225C700F41761 /* RobotoCondensed-ExtraLightItalic.ttf */,
				ACB8B2AE2B3225C700F41761 /* RobotoCondensed-ExtraBold.ttf */,
				ACB8B2AF2B3225C700F41761 /* RobotoCondensed-Black.ttf */,
				ACB8B2B02B3225C700F41761 /* RobotoCondensed-BlackItalic.ttf */,
			);
			path = Fonts;
			sourceTree = "<group>";
		};
		ACB8B2C42B32261600F41761 /* Extensions */ = {
			isa = PBXGroup;
			children = (
				ACB8B2C52B32262700F41761 /* View+InnerShadow.swift */,
				ACA32D1B2B32345400872C51 /* View+Border.swift */,
				ACA32D192B32322F00872C51 /* OutlinedText.swift */,
			);
			path = Extensions;
			sourceTree = "<group>";
		};
		ACB8B2C72B32268600F41761 /* Components */ = {
			isa = PBXGroup;
			children = (
				ACB8B2C82B32269C00F41761 /* BrightButton.swift */,
				ACA32D152B32292700872C51 /* StrokedNeonText.swift */,
			);
			path = Components;
			sourceTree = "<group>";
		};
/* End PBXGroup section */

/* Begin PBXNativeTarget section */
		ACB8B28B2B32256C00F41761 /* JackpotCasino */ = {
			isa = PBXNativeTarget;
			buildConfigurationList = ACB8B29A2B32256D00F41761 /* Build configuration list for PBXNativeTarget "JackpotCasino" */;
			buildPhases = (
				ACB8B2882B32256C00F41761 /* Sources */,
				ACB8B2892B32256C00F41761 /* Frameworks */,
				ACB8B28A2B32256C00F41761 /* Resources */,
			);
			buildRules = (
			);
			dependencies = (
			);
			name = JackpotCasino;
			productName = JackpotCasino;
			productReference = ACB8B28C2B32256C00F41761 /* JackpotCasino.app */;
			productType = "com.apple.product-type.application";
		};
/* End PBXNativeTarget section */

/* Begin PBXProject section */
		ACB8B2842B32256B00F41761 /* Project object */ = {
			isa = PBXProject;
			attributes = {
				BuildIndependentTargetsInParallel = 1;
				LastSwiftUpdateCheck = 1430;
				LastUpgradeCheck = 1430;
				TargetAttributes = {
					ACB8B28B2B32256C00F41761 = {
						CreatedOnToolsVersion = 14.3.1;
					};
				};
			};
			buildConfigurationList = ACB8B2872B32256B00F41761 /* Build configuration list for PBXProject "JackpotCasino" */;
			compatibilityVersion = "Xcode 14.0";
			developmentRegion = en;
			hasScannedForEncodings = 0;
			knownRegions = (
				en,
				Base,
			);
			mainGroup = ACB8B2832B32256B00F41761;
			productRefGroup = ACB8B28D2B32256C00F41761 /* Products */;
			projectDirPath = "";
			projectRoot = "";
			targets = (
				ACB8B28B2B32256C00F41761 /* JackpotCasino */,
			);
		};
/* End PBXProject section */

/* Begin PBXResourcesBuildPhase section */
		ACB8B28A2B32256C00F41761 /* Resources */ = {
			isa = PBXResourcesBuildPhase;
			buildActionMask = 2147483647;
			files = (
				ACB8B2BE2B3225C700F41761 /* RobotoCondensed-MediumItalic.ttf in Resources */,
				ACB8B2BA2B3225C700F41761 /* RobotoCondensed-SemiBold.ttf in Resources */,
				ACB8B2B72B3225C700F41761 /* RobotoCondensed-ExtraLight.ttf in Resources */,
				ACB8B2B62B3225C700F41761 /* RobotoCondensed-ThinItalic.ttf in Resources */,
				ACB8B2BD2B3225C700F41761 /* RobotoCondensed-Regular.ttf in Resources */,
				ACB8B2972B32256D00F41761 /* Preview Assets.xcassets in Resources */,
				ACB8B2B52B3225C700F41761 /* RobotoCondensed-ExtraBoldItalic.ttf in Resources */,
				ACB8B2942B32256D00F41761 /* Assets.xcassets in Resources */,
				ACB8B2B32B3225C700F41761 /* RobotoCondensed-SemiBoldItalic.ttf in Resources */,
				ACB8B2B22B3225C700F41761 /* RobotoCondensed-Bold.ttf in Resources */,
				ACB8B2BB2B3225C700F41761 /* RobotoCondensed-Medium.ttf in Resources */,
				ACB8B2C02B3225C700F41761 /* RobotoCondensed-ExtraBold.ttf in Resources */,
				ACB8B2B92B3225C700F41761 /* RobotoCondensed-BoldItalic.ttf in Resources */,
				ACB8B2B42B3225C700F41761 /* RobotoCondensed-Light.ttf in Resources */,
				ACB8B2B12B3225C700F41761 /* RobotoCondensed-Thin.ttf in Resources */,
				ACB8B2BC2B3225C700F41761 /* RobotoCondensed-LightItalic.ttf in Resources */,
				ACB8B2BF2B3225C700F41761 /* RobotoCondensed-ExtraLightItalic.ttf in Resources */,
				ACB8B2C12B3225C700F41761 /* RobotoCondensed-Black.ttf in Resources */,
				ACB8B2B82B3225C700F41761 /* RobotoCondensed-Italic.ttf in Resources */,
				ACB8B2C22B3225C700F41761 /* RobotoCondensed-BlackItalic.ttf in Resources */,
			);
			runOnlyForDeploymentPostprocessing = 0;
		};
/* End PBXResourcesBuildPhase section */

/* Begin PBXSourcesBuildPhase section */
		ACB8B2882B32256C00F41761 /* Sources */ = {
			isa = PBXSourcesBuildPhase;
			buildActionMask = 2147483647;
			files = (
				ACA32D1C2B32345400872C51 /* View+Border.swift in Sources */,
				ACB8B2922B32256C00F41761 /* ContentView.swift in Sources */,
				ACB8B2C92B32269C00F41761 /* BrightButton.swift in Sources */,
				ACA32D1A2B32322F00872C51 /* OutlinedText.swift in Sources */,
				ACA32D162B32292700872C51 /* StrokedNeonText.swift in Sources */,
				ACB8B2C62B32262700F41761 /* View+InnerShadow.swift in Sources */,
				ACB8B2902B32256C00F41761 /* JackpotCasinoApp.swift in Sources */,
			);
			runOnlyForDeploymentPostprocessing = 0;
		};
/* End PBXSourcesBuildPhase section */

/* Begin XCBuildConfiguration section */
		ACB8B2982B32256D00F41761 /* Debug */ = {
			isa = XCBuildConfiguration;
			buildSettings = {
				ALWAYS_SEARCH_USER_PATHS = NO;
				CLANG_ANALYZER_NONNULL = YES;
				CLANG_ANALYZER_NUMBER_OBJECT_CONVERSION = YES_AGGRESSIVE;
				CLANG_CXX_LANGUAGE_STANDARD = "gnu++20";
				CLANG_ENABLE_MODULES = YES;
				CLANG_ENABLE_OBJC_ARC = YES;
				CLANG_ENABLE_OBJC_WEAK = YES;
				CLANG_WARN_BLOCK_CAPTURE_AUTORELEASING = YES;
				CLANG_WARN_BOOL_CONVERSION = YES;
				CLANG_WARN_COMMA = YES;
				CLANG_WARN_CONSTANT_CONVERSION = YES;
				CLANG_WARN_DEPRECATED_OBJC_IMPLEMENTATIONS = YES;
				CLANG_WARN_DIRECT_OBJC_ISA_USAGE = YES_ERROR;
				CLANG_WARN_DOCUMENTATION_COMMENTS = YES;
				CLANG_WARN_EMPTY_BODY = YES;
				CLANG_WARN_ENUM_CONVERSION = YES;
				CLANG_WARN_INFINITE_RECURSION = YES;
				CLANG_WARN_INT_CONVERSION = YES;
				CLANG_WARN_NON_LITERAL_NULL_CONVERSION = YES;
				CLANG_WARN_OBJC_IMPLICIT_RETAIN_SELF = YES;
				CLANG_WARN_OBJC_LITERAL_CONVERSION = YES;
				CLANG_WARN_OBJC_ROOT_CLASS = YES_ERROR;
				CLANG_WARN_QUOTED_INCLUDE_IN_FRAMEWORK_HEADER = YES;
				CLANG_WARN_RANGE_LOOP_ANALYSIS = YES;
				CLANG_WARN_STRICT_PROTOTYPES = YES;
				CLANG_WARN_SUSPICIOUS_MOVE = YES;
				CLANG_WARN_UNGUARDED_AVAILABILITY = YES_AGGRESSIVE;
				CLANG_WARN_UNREACHABLE_CODE = YES;
				CLANG_WARN__DUPLICATE_METHOD_MATCH = YES;
				COPY_PHASE_STRIP = NO;
				DEBUG_INFORMATION_FORMAT = dwarf;
				ENABLE_STRICT_OBJC_MSGSEND = YES;
				ENABLE_TESTABILITY = YES;
				GCC_C_LANGUAGE_STANDARD = gnu11;
				GCC_DYNAMIC_NO_PIC = NO;
				GCC_NO_COMMON_BLOCKS = YES;
				GCC_OPTIMIZATION_LEVEL = 0;
				GCC_PREPROCESSOR_DEFINITIONS = (
					"DEBUG=1",
					"$(inherited)",
				);
				GCC_WARN_64_TO_32_BIT_CONVERSION = YES;
				GCC_WARN_ABOUT_RETURN_TYPE = YES_ERROR;
				GCC_WARN_UNDECLARED_SELECTOR = YES;
				GCC_WARN_UNINITIALIZED_AUTOS = YES_AGGRESSIVE;
				GCC_WARN_UNUSED_FUNCTION = YES;
				GCC_WARN_UNUSED_VARIABLE = YES;
				IPHONEOS_DEPLOYMENT_TARGET = 16.4;
				MTL_ENABLE_DEBUG_INFO = INCLUDE_SOURCE;
				MTL_FAST_MATH = YES;
				ONLY_ACTIVE_ARCH = YES;
				SDKROOT = iphoneos;
				SWIFT_ACTIVE_COMPILATION_CONDITIONS = DEBUG;
				SWIFT_OPTIMIZATION_LEVEL = "-Onone";
			};
			name = Debug;
		};
		ACB8B2992B32256D00F41761 /* Release */ = {
			isa = XCBuildConfiguration;
			buildSettings = {
				ALWAYS_SEARCH_USER_PATHS = NO;
				CLANG_ANALYZER_NONNULL = YES;
				CLANG_ANALYZER_NUMBER_OBJECT_CONVERSION = YES_AGGRESSIVE;
				CLANG_CXX_LANGUAGE_STANDARD = "gnu++20";
				CLANG_ENABLE_MODULES = YES;
				CLANG_ENABLE_OBJC_ARC = YES;
				CLANG_ENABLE_OBJC_WEAK = YES;
				CLANG_WARN_BLOCK_CAPTURE_AUTORELEASING = YES;
				CLANG_WARN_BOOL_CONVERSION = YES;
				CLANG_WARN_COMMA = YES;
				CLANG_WARN_CONSTANT_CONVERSION = YES;
				CLANG_WARN_DEPRECATED_OBJC_IMPLEMENTATIONS = YES;
				CLANG_WARN_DIRECT_OBJC_ISA_USAGE = YES_ERROR;
				CLANG_WARN_DOCUMENTATION_COMMENTS = YES;
				CLANG_WARN_EMPTY_BODY = YES;
				CLANG_WARN_ENUM_CONVERSION = YES;
				CLANG_WARN_INFINITE_RECURSION = YES;
				CLANG_WARN_INT_CONVERSION = YES;
				CLANG_WARN_NON_LITERAL_NULL_CONVERSION = YES;
				CLANG_WARN_OBJC_IMPLICIT_RETAIN_SELF = YES;
				CLANG_WARN_OBJC_LITERAL_CONVERSION = YES;
				CLANG_WARN_OBJC_ROOT_CLASS = YES_ERROR;
				CLANG_WARN_QUOTED_INCLUDE_IN_FRAMEWORK_HEADER = YES;
				CLANG_WARN_RANGE_LOOP_ANALYSIS = YES;
				CLANG_WARN_STRICT_PROTOTYPES = YES;
				CLANG_WARN_SUSPICIOUS_MOVE = YES;
				CLANG_WARN_UNGUARDED_AVAILABILITY = YES_AGGRESSIVE;
				CLANG_WARN_UNREACHABLE_CODE = YES;
				CLANG_WARN__DUPLICATE_METHOD_MATCH = YES;
				COPY_PHASE_STRIP = NO;
				DEBUG_INFORMATION_FORMAT = "dwarf-with-dsym";
				ENABLE_NS_ASSERTIONS = NO;
				ENABLE_STRICT_OBJC_MSGSEND = YES;
				GCC_C_LANGUAGE_STANDARD = gnu11;
				GCC_NO_COMMON_BLOCKS = YES;
				GCC_WARN_64_TO_32_BIT_CONVERSION = YES;
				GCC_WARN_ABOUT_RETURN_TYPE = YES_ERROR;
				GCC_WARN_UNDECLARED_SELECTOR = YES;
				GCC_WARN_UNINITIALIZED_AUTOS = YES_AGGRESSIVE;
				GCC_WARN_UNUSED_FUNCTION = YES;
				GCC_WARN_UNUSED_VARIABLE = YES;
				IPHONEOS_DEPLOYMENT_TARGET = 16.4;
				MTL_ENABLE_DEBUG_INFO = NO;
				MTL_FAST_MATH = YES;
				SDKROOT = iphoneos;
				SWIFT_COMPILATION_MODE = wholemodule;
				SWIFT_OPTIMIZATION_LEVEL = "-O";
				VALIDATE_PRODUCT = YES;
			};
			name = Release;
		};
		ACB8B29B2B32256D00F41761 /* Debug */ = {
			isa = XCBuildConfiguration;
			buildSettings = {
				ASSETCATALOG_COMPILER_APPICON_NAME = AppIcon;
				ASSETCATALOG_COMPILER_GLOBAL_ACCENT_COLOR_NAME = AccentColor;
				CODE_SIGN_STYLE = Automatic;
				CURRENT_PROJECT_VERSION = 1;
				DEVELOPMENT_ASSET_PATHS = "\"JackpotCasino/Preview Content\"";
				DEVELOPMENT_TEAM = 482344W3R3;
				ENABLE_PREVIEWS = YES;
				GENERATE_INFOPLIST_FILE = YES;
				INFOPLIST_FILE = JackpotCasino/Info.plist;
				INFOPLIST_KEY_UIApplicationSceneManifest_Generation = YES;
				INFOPLIST_KEY_UIApplicationSupportsIndirectInputEvents = YES;
				INFOPLIST_KEY_UILaunchScreen_Generation = YES;
				INFOPLIST_KEY_UISupportedInterfaceOrientations = UIInterfaceOrientationPortrait;
				IPHONEOS_DEPLOYMENT_TARGET = 15.0;
				LD_RUNPATH_SEARCH_PATHS = (
					"$(inherited)",
					"@executable_path/Frameworks",
				);
				MARKETING_VERSION = 1.0;
				PRODUCT_BUNDLE_IDENTIFIER = Artemaj.JackpotCasino;
				PRODUCT_NAME = "$(TARGET_NAME)";
				SWIFT_EMIT_LOC_STRINGS = YES;
				SWIFT_VERSION = 5.0;
				TARGETED_DEVICE_FAMILY = "1,2";
			};
			name = Debug;
		};
		ACB8B29C2B32256D00F41761 /* Release */ = {
			isa = XCBuildConfiguration;
			buildSettings = {
				ASSETCATALOG_COMPILER_APPICON_NAME = AppIcon;
				ASSETCATALOG_COMPILER_GLOBAL_ACCENT_COLOR_NAME = AccentColor;
				CODE_SIGN_STYLE = Automatic;
				CURRENT_PROJECT_VERSION = 1;
				DEVELOPMENT_ASSET_PATHS = "\"JackpotCasino/Preview Content\"";
				DEVELOPMENT_TEAM = 482344W3R3;
				ENABLE_PREVIEWS = YES;
				GENERATE_INFOPLIST_FILE = YES;
				INFOPLIST_FILE = JackpotCasino/Info.plist;
				INFOPLIST_KEY_UIApplicationSceneManifest_Generation = YES;
				INFOPLIST_KEY_UIApplicationSupportsIndirectInputEvents = YES;
				INFOPLIST_KEY_UILaunchScreen_Generation = YES;
				INFOPLIST_KEY_UISupportedInterfaceOrientations = UIInterfaceOrientationPortrait;
				IPHONEOS_DEPLOYMENT_TARGET = 15.0;
				LD_RUNPATH_SEARCH_PATHS = (
					"$(inherited)",
					"@executable_path/Frameworks",
				);
				MARKETING_VERSION = 1.0;
				PRODUCT_BUNDLE_IDENTIFIER = Artemaj.JackpotCasino;
				PRODUCT_NAME = "$(TARGET_NAME)";
				SWIFT_EMIT_LOC_STRINGS = YES;
				SWIFT_VERSION = 5.0;
				TARGETED_DEVICE_FAMILY = "1,2";
			};
			name = Release;
		};
/* End XCBuildConfiguration section */

/* Begin XCConfigurationList section */
		ACB8B2872B32256B00F41761 /* Build configuration list for PBXProject "JackpotCasino" */ = {
			isa = XCConfigurationList;
			buildConfigurations = (
				ACB8B2982B32256D00F41761 /* Debug */,
				ACB8B2992B32256D00F41761 /* Release */,
			);
			defaultConfigurationIsVisible = 0;
			defaultConfigurationName = Release;
		};
		ACB8B29A2B32256D00F41761 /* Build configuration list for PBXNativeTarget "JackpotCasino" */ = {
			isa = XCConfigurationList;
			buildConfigurations = (
				ACB8B29B2B32256D00F41761 /* Debug */,
				ACB8B29C2B32256D00F41761 /* Release */,
			);
			defaultConfigurationIsVisible = 0;
			defaultConfigurationName = Release;
		};
/* End XCConfigurationList section */
	};
	rootObject = ACB8B2842B32256B00F41761 /* Project object */;
}
